// !$*UTF8*$!
{
	archiveVersion = 1;
	classes = {
	};
	objectVersion = 56;
	objects = {

/* Begin PBXBuildFile section */
		1E075D1A2CA661DE005D30F5 /* GalleryView.swift in Sources */ = {isa = PBXBuildFile; fileRef = 1E075D192CA661DE005D30F5 /* GalleryView.swift */; };
		1E1DA7672CA3A260009184B5 /* MultiTenantApp.swift in Sources */ = {isa = PBXBuildFile; fileRef = 1E1DA7662CA3A260009184B5 /* MultiTenantApp.swift */; };
		1E1DA7692CA3A260009184B5 /* ContentView.swift in Sources */ = {isa = PBXBuildFile; fileRef = 1E1DA7682CA3A260009184B5 /* ContentView.swift */; };
		1E1DA76B2CA3A262009184B5 /* Assets.xcassets in Resources */ = {isa = PBXBuildFile; fileRef = 1E1DA76A2CA3A262009184B5 /* Assets.xcassets */; };
		1E1DA76F2CA3A262009184B5 /* Preview Assets.xcassets in Resources */ = {isa = PBXBuildFile; fileRef = 1E1DA76E2CA3A262009184B5 /* Preview Assets.xcassets */; };
		1E1DA77C2CA3A305009184B5 /* LoginView.swift in Sources */ = {isa = PBXBuildFile; fileRef = 1E1DA77B2CA3A305009184B5 /* LoginView.swift */; };
		1E1DA77E2CA3A318009184B5 /* SignupView.swift in Sources */ = {isa = PBXBuildFile; fileRef = 1E1DA77D2CA3A318009184B5 /* SignupView.swift */; };
		1E1DA7802CA3A32F009184B5 /* AuthViewModel.swift in Sources */ = {isa = PBXBuildFile; fileRef = 1E1DA77F2CA3A32F009184B5 /* AuthViewModel.swift */; };
		1E1DA7882CA3A3F0009184B5 /* MTTextField.swift in Sources */ = {isa = PBXBuildFile; fileRef = 1E1DA7872CA3A3F0009184B5 /* MTTextField.swift */; };
		1E1DA78B2CA3A8FF009184B5 /* FirebaseAnalytics in Frameworks */ = {isa = PBXBuildFile; productRef = 1E1DA78A2CA3A8FF009184B5 /* FirebaseAnalytics */; };
		1E1DA78D2CA3A8FF009184B5 /* FirebaseAnalyticsOnDeviceConversion in Frameworks */ = {isa = PBXBuildFile; productRef = 1E1DA78C2CA3A8FF009184B5 /* FirebaseAnalyticsOnDeviceConversion */; };
		1E1DA78F2CA3A8FF009184B5 /* FirebaseAnalyticsSwift in Frameworks */ = {isa = PBXBuildFile; productRef = 1E1DA78E2CA3A8FF009184B5 /* FirebaseAnalyticsSwift */; };
		1E1DA7912CA3A8FF009184B5 /* FirebaseAnalyticsWithoutAdIdSupport in Frameworks */ = {isa = PBXBuildFile; productRef = 1E1DA7902CA3A8FF009184B5 /* FirebaseAnalyticsWithoutAdIdSupport */; };
		1E1DA7932CA3A8FF009184B5 /* FirebaseAppCheck in Frameworks */ = {isa = PBXBuildFile; productRef = 1E1DA7922CA3A8FF009184B5 /* FirebaseAppCheck */; };
		1E57925A2CA5D08700BBB47E /* Tenant.swift in Sources */ = {isa = PBXBuildFile; fileRef = 1E5792592CA5D08700BBB47E /* Tenant.swift */; };
		1E57925C2CA5D21C00BBB47E /* GalleryImage.swift in Sources */ = {isa = PBXBuildFile; fileRef = 1E57925B2CA5D21C00BBB47E /* GalleryImage.swift */; };
		1E57925E2CA5D98C00BBB47E /* EditProfileView.swift in Sources */ = {isa = PBXBuildFile; fileRef = 1E57925D2CA5D98C00BBB47E /* EditProfileView.swift */; };
		1E5792602CA5DA9E00BBB47E /* TenantService.swift in Sources */ = {isa = PBXBuildFile; fileRef = 1E57925F2CA5DA9E00BBB47E /* TenantService.swift */; };
		1E5792622CA5DAAD00BBB47E /* ImageGalleryService.swift in Sources */ = {isa = PBXBuildFile; fileRef = 1E5792612CA5DAAD00BBB47E /* ImageGalleryService.swift */; };
		1E5792652CA5F80400BBB47E /* ImagePicker.swift in Sources */ = {isa = PBXBuildFile; fileRef = 1E5792642CA5F80400BBB47E /* ImagePicker.swift */; };
		1E5792682CA5FAF000BBB47E /* ImageLoaderView.swift in Sources */ = {isa = PBXBuildFile; fileRef = 1E5792672CA5FAF000BBB47E /* ImageLoaderView.swift */; };
		1E57926B2CA604E900BBB47E /* Kingfisher in Frameworks */ = {isa = PBXBuildFile; productRef = 1E57926A2CA604E900BBB47E /* Kingfisher */; };
		1E57926D2CA60A8A00BBB47E /* Date+Extensions.swift in Sources */ = {isa = PBXBuildFile; fileRef = 1E57926C2CA60A8A00BBB47E /* Date+Extensions.swift */; };
		1E5792722CA6129A00BBB47E /* DeleteAccountView.swift in Sources */ = {isa = PBXBuildFile; fileRef = 1E5792712CA6129A00BBB47E /* DeleteAccountView.swift */; };
		1EB3F2062CA4600700BDDE20 /* NetworkMonitor.swift in Sources */ = {isa = PBXBuildFile; fileRef = 1EB3F2052CA4600700BDDE20 /* NetworkMonitor.swift */; };
		1EB3F20B2CA4616000BDDE20 /* OfflineView.swift in Sources */ = {isa = PBXBuildFile; fileRef = 1EB3F20A2CA4616000BDDE20 /* OfflineView.swift */; };
		1EB3F20E2CA461BB00BDDE20 /* ToastView.swift in Sources */ = {isa = PBXBuildFile; fileRef = 1EB3F20D2CA461BB00BDDE20 /* ToastView.swift */; };
		1EB3F2102CA461CC00BDDE20 /* ToastModifier.swift in Sources */ = {isa = PBXBuildFile; fileRef = 1EB3F20F2CA461CC00BDDE20 /* ToastModifier.swift */; };
		1EB3F2122CA461F900BDDE20 /* LoaderView.swift in Sources */ = {isa = PBXBuildFile; fileRef = 1EB3F2112CA461F900BDDE20 /* LoaderView.swift */; };
		1EB3F2152CA463B400BDDE20 /* View+Extensions.swift in Sources */ = {isa = PBXBuildFile; fileRef = 1EB3F2142CA463B400BDDE20 /* View+Extensions.swift */; };
		1EB95CAE2CA497EA00EE24A2 /* DashboardView.swift in Sources */ = {isa = PBXBuildFile; fileRef = 1EB95CAD2CA497EA00EE24A2 /* DashboardView.swift */; };
		1EB95CB02CA4982F00EE24A2 /* WelcomeView.swift in Sources */ = {isa = PBXBuildFile; fileRef = 1EB95CAF2CA4982F00EE24A2 /* WelcomeView.swift */; };
		1EB95CB22CA4A3D200EE24A2 /* FABMenuView.swift in Sources */ = {isa = PBXBuildFile; fileRef = 1EB95CB12CA4A3D200EE24A2 /* FABMenuView.swift */; };
		1ED82FA72CA4707F00C628AC /* LoginViewFormValidator.swift in Sources */ = {isa = PBXBuildFile; fileRef = 1ED82FA62CA4707F00C628AC /* LoginViewFormValidator.swift */; };
		1ED82FA92CA470A500C628AC /* SignupViewFormValidator.swift in Sources */ = {isa = PBXBuildFile; fileRef = 1ED82FA82CA470A500C628AC /* SignupViewFormValidator.swift */; };
		1ED82FAC2CA4866700C628AC /* Constants.swift in Sources */ = {isa = PBXBuildFile; fileRef = 1ED82FAB2CA4866700C628AC /* Constants.swift */; };
		1EEA744C2CA3AC6000E4414D /* FirebaseAuth in Frameworks */ = {isa = PBXBuildFile; productRef = 1EEA744B2CA3AC6000E4414D /* FirebaseAuth */; };
		1EEA744E2CA3AC8100E4414D /* FirebaseFirestore in Frameworks */ = {isa = PBXBuildFile; productRef = 1EEA744D2CA3AC8100E4414D /* FirebaseFirestore */; };
		1EEA74502CA3ACA400E4414D /* FirebaseStorage in Frameworks */ = {isa = PBXBuildFile; productRef = 1EEA744F2CA3ACA400E4414D /* FirebaseStorage */; };
		1EEA74542CA3AD6800E4414D /* UserService.swift in Sources */ = {isa = PBXBuildFile; fileRef = 1EEA74532CA3AD6800E4414D /* UserService.swift */; };
		1EEA74562CA3AD8E00E4414D /* User.swift in Sources */ = {isa = PBXBuildFile; fileRef = 1EEA74552CA3AD8E00E4414D /* User.swift */; };
		1EEA74582CA3AEAD00E4414D /* ImageUploader.swift in Sources */ = {isa = PBXBuildFile; fileRef = 1EEA74572CA3AEAD00E4414D /* ImageUploader.swift */; };
		1EEA745A2CA3B56900E4414D /* GoogleService-Info.plist in Resources */ = {isa = PBXBuildFile; fileRef = 1EEA74592CA3B56900E4414D /* GoogleService-Info.plist */; };
		1EEA745C2CA3BFA200E4414D /* ProfileView.swift in Sources */ = {isa = PBXBuildFile; fileRef = 1EEA745B2CA3BFA200E4414D /* ProfileView.swift */; };
/* End PBXBuildFile section */

/* Begin PBXFileReference section */
		1E075D192CA661DE005D30F5 /* GalleryView.swift */ = {isa = PBXFileReference; lastKnownFileType = sourcecode.swift; path = GalleryView.swift; sourceTree = "<group>"; };
		1E1DA7632CA3A260009184B5 /* MultiTenant.app */ = {isa = PBXFileReference; explicitFileType = wrapper.application; includeInIndex = 0; path = MultiTenant.app; sourceTree = BUILT_PRODUCTS_DIR; };
		1E1DA7662CA3A260009184B5 /* MultiTenantApp.swift */ = {isa = PBXFileReference; lastKnownFileType = sourcecode.swift; path = MultiTenantApp.swift; sourceTree = "<group>"; };
		1E1DA7682CA3A260009184B5 /* ContentView.swift */ = {isa = PBXFileReference; lastKnownFileType = sourcecode.swift; path = ContentView.swift; sourceTree = "<group>"; };
		1E1DA76A2CA3A262009184B5 /* Assets.xcassets */ = {isa = PBXFileReference; lastKnownFileType = folder.assetcatalog; path = Assets.xcassets; sourceTree = "<group>"; };
		1E1DA76C2CA3A262009184B5 /* MultiTenant.entitlements */ = {isa = PBXFileReference; lastKnownFileType = text.plist.entitlements; path = MultiTenant.entitlements; sourceTree = "<group>"; };
		1E1DA76E2CA3A262009184B5 /* Preview Assets.xcassets */ = {isa = PBXFileReference; lastKnownFileType = folder.assetcatalog; path = "Preview Assets.xcassets"; sourceTree = "<group>"; };
		1E1DA77B2CA3A305009184B5 /* LoginView.swift */ = {isa = PBXFileReference; lastKnownFileType = sourcecode.swift; path = LoginView.swift; sourceTree = "<group>"; };
		1E1DA77D2CA3A318009184B5 /* SignupView.swift */ = {isa = PBXFileReference; lastKnownFileType = sourcecode.swift; path = SignupView.swift; sourceTree = "<group>"; };
		1E1DA77F2CA3A32F009184B5 /* AuthViewModel.swift */ = {isa = PBXFileReference; lastKnownFileType = sourcecode.swift; path = AuthViewModel.swift; sourceTree = "<group>"; };
		1E1DA7872CA3A3F0009184B5 /* MTTextField.swift */ = {isa = PBXFileReference; lastKnownFileType = sourcecode.swift; path = MTTextField.swift; sourceTree = "<group>"; };
		1E5792592CA5D08700BBB47E /* Tenant.swift */ = {isa = PBXFileReference; lastKnownFileType = sourcecode.swift; path = Tenant.swift; sourceTree = "<group>"; };
		1E57925B2CA5D21C00BBB47E /* GalleryImage.swift */ = {isa = PBXFileReference; lastKnownFileType = sourcecode.swift; path = GalleryImage.swift; sourceTree = "<group>"; };
		1E57925D2CA5D98C00BBB47E /* EditProfileView.swift */ = {isa = PBXFileReference; lastKnownFileType = sourcecode.swift; path = EditProfileView.swift; sourceTree = "<group>"; };
		1E57925F2CA5DA9E00BBB47E /* TenantService.swift */ = {isa = PBXFileReference; lastKnownFileType = sourcecode.swift; path = TenantService.swift; sourceTree = "<group>"; };
		1E5792612CA5DAAD00BBB47E /* ImageGalleryService.swift */ = {isa = PBXFileReference; lastKnownFileType = sourcecode.swift; path = ImageGalleryService.swift; sourceTree = "<group>"; };
		1E5792642CA5F80400BBB47E /* ImagePicker.swift */ = {isa = PBXFileReference; lastKnownFileType = sourcecode.swift; path = ImagePicker.swift; sourceTree = "<group>"; };
		1E5792672CA5FAF000BBB47E /* ImageLoaderView.swift */ = {isa = PBXFileReference; lastKnownFileType = sourcecode.swift; path = ImageLoaderView.swift; sourceTree = "<group>"; };
		1E57926C2CA60A8A00BBB47E /* Date+Extensions.swift */ = {isa = PBXFileReference; lastKnownFileType = sourcecode.swift; path = "Date+Extensions.swift"; sourceTree = "<group>"; };
		1E5792712CA6129A00BBB47E /* DeleteAccountView.swift */ = {isa = PBXFileReference; lastKnownFileType = sourcecode.swift; path = DeleteAccountView.swift; sourceTree = "<group>"; };
		1EB3F2052CA4600700BDDE20 /* NetworkMonitor.swift */ = {isa = PBXFileReference; lastKnownFileType = sourcecode.swift; path = NetworkMonitor.swift; sourceTree = "<group>"; };
		1EB3F20A2CA4616000BDDE20 /* OfflineView.swift */ = {isa = PBXFileReference; lastKnownFileType = sourcecode.swift; path = OfflineView.swift; sourceTree = "<group>"; };
		1EB3F20D2CA461BB00BDDE20 /* ToastView.swift */ = {isa = PBXFileReference; lastKnownFileType = sourcecode.swift; path = ToastView.swift; sourceTree = "<group>"; };
		1EB3F20F2CA461CC00BDDE20 /* ToastModifier.swift */ = {isa = PBXFileReference; lastKnownFileType = sourcecode.swift; path = ToastModifier.swift; sourceTree = "<group>"; };
		1EB3F2112CA461F900BDDE20 /* LoaderView.swift */ = {isa = PBXFileReference; lastKnownFileType = sourcecode.swift; path = LoaderView.swift; sourceTree = "<group>"; };
		1EB3F2142CA463B400BDDE20 /* View+Extensions.swift */ = {isa = PBXFileReference; lastKnownFileType = sourcecode.swift; path = "View+Extensions.swift"; sourceTree = "<group>"; };
		1EB95CAD2CA497EA00EE24A2 /* DashboardView.swift */ = {isa = PBXFileReference; lastKnownFileType = sourcecode.swift; path = DashboardView.swift; sourceTree = "<group>"; };
		1EB95CAF2CA4982F00EE24A2 /* WelcomeView.swift */ = {isa = PBXFileReference; lastKnownFileType = sourcecode.swift; path = WelcomeView.swift; sourceTree = "<group>"; };
		1EB95CB12CA4A3D200EE24A2 /* FABMenuView.swift */ = {isa = PBXFileReference; lastKnownFileType = sourcecode.swift; path = FABMenuView.swift; sourceTree = "<group>"; };
		1ED82FA62CA4707F00C628AC /* LoginViewFormValidator.swift */ = {isa = PBXFileReference; lastKnownFileType = sourcecode.swift; path = LoginViewFormValidator.swift; sourceTree = "<group>"; };
		1ED82FA82CA470A500C628AC /* SignupViewFormValidator.swift */ = {isa = PBXFileReference; lastKnownFileType = sourcecode.swift; path = SignupViewFormValidator.swift; sourceTree = "<group>"; };
		1ED82FAB2CA4866700C628AC /* Constants.swift */ = {isa = PBXFileReference; lastKnownFileType = sourcecode.swift; path = Constants.swift; sourceTree = "<group>"; };
		1EEA74532CA3AD6800E4414D /* UserService.swift */ = {isa = PBXFileReference; lastKnownFileType = sourcecode.swift; path = UserService.swift; sourceTree = "<group>"; };
		1EEA74552CA3AD8E00E4414D /* User.swift */ = {isa = PBXFileReference; lastKnownFileType = sourcecode.swift; path = User.swift; sourceTree = "<group>"; };
		1EEA74572CA3AEAD00E4414D /* ImageUploader.swift */ = {isa = PBXFileReference; lastKnownFileType = sourcecode.swift; path = ImageUploader.swift; sourceTree = "<group>"; };
		1EEA74592CA3B56900E4414D /* GoogleService-Info.plist */ = {isa = PBXFileReference; fileEncoding = 4; lastKnownFileType = text.plist.xml; path = "GoogleService-Info.plist"; sourceTree = "<group>"; };
		1EEA745B2CA3BFA200E4414D /* ProfileView.swift */ = {isa = PBXFileReference; lastKnownFileType = sourcecode.swift; path = ProfileView.swift; sourceTree = "<group>"; };
/* End PBXFileReference section */

/* Begin PBXFrameworksBuildPhase section */
		1E1DA7602CA3A260009184B5 /* Frameworks */ = {
			isa = PBXFrameworksBuildPhase;
			buildActionMask = 2147483647;
			files = (
				1E1DA78F2CA3A8FF009184B5 /* FirebaseAnalyticsSwift in Frameworks */,
				1EEA744C2CA3AC6000E4414D /* FirebaseAuth in Frameworks */,
				1E1DA78B2CA3A8FF009184B5 /* FirebaseAnalytics in Frameworks */,
				1E57926B2CA604E900BBB47E /* Kingfisher in Frameworks */,
				1E1DA78D2CA3A8FF009184B5 /* FirebaseAnalyticsOnDeviceConversion in Frameworks */,
				1E1DA7932CA3A8FF009184B5 /* FirebaseAppCheck in Frameworks */,
				1EEA74502CA3ACA400E4414D /* FirebaseStorage in Frameworks */,
				1E1DA7912CA3A8FF009184B5 /* FirebaseAnalyticsWithoutAdIdSupport in Frameworks */,
				1EEA744E2CA3AC8100E4414D /* FirebaseFirestore in Frameworks */,
			);
			runOnlyForDeploymentPostprocessing = 0;
		};
/* End PBXFrameworksBuildPhase section */

/* Begin PBXGroup section */
		1E1DA75A2CA3A260009184B5 = {
			isa = PBXGroup;
			children = (
				1E1DA7652CA3A260009184B5 /* MultiTenant */,
				1E1DA7642CA3A260009184B5 /* Products */,
				1EEA744A2CA3AC6000E4414D /* Frameworks */,
			);
			sourceTree = "<group>";
		};
		1E1DA7642CA3A260009184B5 /* Products */ = {
			isa = PBXGroup;
			children = (
				1E1DA7632CA3A260009184B5 /* MultiTenant.app */,
			);
			name = Products;
			sourceTree = "<group>";
		};
		1E1DA7652CA3A260009184B5 /* MultiTenant */ = {
			isa = PBXGroup;
			children = (
				1EEA74592CA3B56900E4414D /* GoogleService-Info.plist */,
				1E1DA7852CA3A3B4009184B5 /* Shared */,
				1E1DA7752CA3A27E009184B5 /* Features */,
				1E1DA7662CA3A260009184B5 /* MultiTenantApp.swift */,
				1E1DA7682CA3A260009184B5 /* ContentView.swift */,
				1E1DA76A2CA3A262009184B5 /* Assets.xcassets */,
				1E1DA76C2CA3A262009184B5 /* MultiTenant.entitlements */,
				1E1DA76D2CA3A262009184B5 /* Preview Content */,
			);
			path = MultiTenant;
			sourceTree = "<group>";
		};
		1E1DA76D2CA3A262009184B5 /* Preview Content */ = {
			isa = PBXGroup;
			children = (
				1E1DA76E2CA3A262009184B5 /* Preview Assets.xcassets */,
			);
			path = "Preview Content";
			sourceTree = "<group>";
		};
		1E1DA7752CA3A27E009184B5 /* Features */ = {
			isa = PBXGroup;
			children = (
				1EB95CAA2CA4962E00EE24A2 /* Dashboard */,
				1E1DA7782CA3A2BC009184B5 /* Gallery */,
				1E1DA7772CA3A2A0009184B5 /* Profile */,
				1E1DA7762CA3A293009184B5 /* Authentication */,
			);
			path = Features;
			sourceTree = "<group>";
		};
		1E1DA7762CA3A293009184B5 /* Authentication */ = {
			isa = PBXGroup;
			children = (
				1E1DA77A2CA3A2DF009184B5 /* Views */,
				1E1DA7792CA3A2D4009184B5 /* ViewModel */,
			);
			path = Authentication;
			sourceTree = "<group>";
		};
		1E1DA7772CA3A2A0009184B5 /* Profile */ = {
			isa = PBXGroup;
			children = (
				1E1DA7822CA3A344009184B5 /* View */,
				1E1DA7812CA3A334009184B5 /* ViewModel */,
			);
			path = Profile;
			sourceTree = "<group>";
		};
		1E1DA7782CA3A2BC009184B5 /* Gallery */ = {
			isa = PBXGroup;
			children = (
				1E1DA7842CA3A355009184B5 /* ViewModel */,
				1E1DA7832CA3A350009184B5 /* View */,
			);
			path = Gallery;
			sourceTree = "<group>";
		};
		1E1DA7792CA3A2D4009184B5 /* ViewModel */ = {
			isa = PBXGroup;
			children = (
				1E1DA77F2CA3A32F009184B5 /* AuthViewModel.swift */,
				1ED82FA62CA4707F00C628AC /* LoginViewFormValidator.swift */,
				1ED82FA82CA470A500C628AC /* SignupViewFormValidator.swift */,
			);
			path = ViewModel;
			sourceTree = "<group>";
		};
		1E1DA77A2CA3A2DF009184B5 /* Views */ = {
			isa = PBXGroup;
			children = (
				1E1DA77B2CA3A305009184B5 /* LoginView.swift */,
				1E1DA77D2CA3A318009184B5 /* SignupView.swift */,
			);
			path = Views;
			sourceTree = "<group>";
		};
		1E1DA7812CA3A334009184B5 /* ViewModel */ = {
			isa = PBXGroup;
			children = (
			);
			path = ViewModel;
			sourceTree = "<group>";
		};
		1E1DA7822CA3A344009184B5 /* View */ = {
			isa = PBXGroup;
			children = (
				1EEA745B2CA3BFA200E4414D /* ProfileView.swift */,
				1E57925D2CA5D98C00BBB47E /* EditProfileView.swift */,
				1E5792712CA6129A00BBB47E /* DeleteAccountView.swift */,
			);
			path = View;
			sourceTree = "<group>";
		};
		1E1DA7832CA3A350009184B5 /* View */ = {
			isa = PBXGroup;
			children = (
				1E075D192CA661DE005D30F5 /* GalleryView.swift */,
			);
			path = View;
			sourceTree = "<group>";
		};
		1E1DA7842CA3A355009184B5 /* ViewModel */ = {
			isa = PBXGroup;
			children = (
			);
			path = ViewModel;
			sourceTree = "<group>";
		};
		1E1DA7852CA3A3B4009184B5 /* Shared */ = {
			isa = PBXGroup;
			children = (
				1EB3F2032CA45FE500BDDE20 /* Utilities */,
				1EEA74522CA3AD4300E4414D /* Services */,
				1EEA74512CA3AD3B00E4414D /* Models */,
				1E1DA7862CA3A3BB009184B5 /* CommonViews */,
			);
			path = Shared;
			sourceTree = "<group>";
		};
		1E1DA7862CA3A3BB009184B5 /* CommonViews */ = {
			isa = PBXGroup;
			children = (
				1E1DA7872CA3A3F0009184B5 /* MTTextField.swift */,
			);
			path = CommonViews;
			sourceTree = "<group>";
		};
		1E5792632CA5F7EE00BBB47E /* ImagePicker */ = {
			isa = PBXGroup;
			children = (
				1E5792642CA5F80400BBB47E /* ImagePicker.swift */,
			);
			path = ImagePicker;
			sourceTree = "<group>";
		};
		1E5792662CA5FAAA00BBB47E /* ImageLoaderView */ = {
			isa = PBXGroup;
			children = (
				1E5792672CA5FAF000BBB47E /* ImageLoaderView.swift */,
			);
			path = ImageLoaderView;
			sourceTree = "<group>";
		};
		1EB3F2032CA45FE500BDDE20 /* Utilities */ = {
			isa = PBXGroup;
			children = (
				1E5792662CA5FAAA00BBB47E /* ImageLoaderView */,
				1E5792632CA5F7EE00BBB47E /* ImagePicker */,
				1ED82FAA2CA4864000C628AC /* Constants */,
				1EB3F2132CA4639600BDDE20 /* Extensions */,
				1EB3F2092CA4614400BDDE20 /* OfflineView */,
				1EB3F2082CA4606F00BDDE20 /* ToastView */,
				1EB3F2072CA4606100BDDE20 /* LoaderView */,
				1EB3F2042CA45FF500BDDE20 /* NetworkMonitor */,
			);
			path = Utilities;
			sourceTree = "<group>";
		};
		1EB3F2042CA45FF500BDDE20 /* NetworkMonitor */ = {
			isa = PBXGroup;
			children = (
				1EB3F2052CA4600700BDDE20 /* NetworkMonitor.swift */,
			);
			path = NetworkMonitor;
			sourceTree = "<group>";
		};
		1EB3F2072CA4606100BDDE20 /* LoaderView */ = {
			isa = PBXGroup;
			children = (
				1EB3F2112CA461F900BDDE20 /* LoaderView.swift */,
			);
			path = LoaderView;
			sourceTree = "<group>";
		};
		1EB3F2082CA4606F00BDDE20 /* ToastView */ = {
			isa = PBXGroup;
			children = (
				1EB3F20D2CA461BB00BDDE20 /* ToastView.swift */,
				1EB3F20F2CA461CC00BDDE20 /* ToastModifier.swift */,
			);
			path = ToastView;
			sourceTree = "<group>";
		};
		1EB3F2092CA4614400BDDE20 /* OfflineView */ = {
			isa = PBXGroup;
			children = (
				1EB3F20A2CA4616000BDDE20 /* OfflineView.swift */,
			);
			path = OfflineView;
			sourceTree = "<group>";
		};
		1EB3F2132CA4639600BDDE20 /* Extensions */ = {
			isa = PBXGroup;
			children = (
				1EB3F2142CA463B400BDDE20 /* View+Extensions.swift */,
				1E57926C2CA60A8A00BBB47E /* Date+Extensions.swift */,
			);
			path = Extensions;
			sourceTree = "<group>";
		};
		1EB95CAA2CA4962E00EE24A2 /* Dashboard */ = {
			isa = PBXGroup;
			children = (
				1EB95CAC2CA497CD00EE24A2 /* View */,
				1EB95CAB2CA497C500EE24A2 /* ViewModel */,
			);
			path = Dashboard;
			sourceTree = "<group>";
		};
		1EB95CAB2CA497C500EE24A2 /* ViewModel */ = {
			isa = PBXGroup;
			children = (
			);
			path = ViewModel;
			sourceTree = "<group>";
		};
		1EB95CAC2CA497CD00EE24A2 /* View */ = {
			isa = PBXGroup;
			children = (
				1EB95CAD2CA497EA00EE24A2 /* DashboardView.swift */,
				1EB95CAF2CA4982F00EE24A2 /* WelcomeView.swift */,
				1EB95CB12CA4A3D200EE24A2 /* FABMenuView.swift */,
			);
			path = View;
			sourceTree = "<group>";
		};
		1ED82FAA2CA4864000C628AC /* Constants */ = {
			isa = PBXGroup;
			children = (
				1ED82FAB2CA4866700C628AC /* Constants.swift */,
			);
			path = Constants;
			sourceTree = "<group>";
		};
		1EEA744A2CA3AC6000E4414D /* Frameworks */ = {
			isa = PBXGroup;
			children = (
			);
			name = Frameworks;
			sourceTree = "<group>";
		};
		1EEA74512CA3AD3B00E4414D /* Models */ = {
			isa = PBXGroup;
			children = (
				1EEA74552CA3AD8E00E4414D /* User.swift */,
				1E5792592CA5D08700BBB47E /* Tenant.swift */,
				1E57925B2CA5D21C00BBB47E /* GalleryImage.swift */,
			);
			path = Models;
			sourceTree = "<group>";
		};
		1EEA74522CA3AD4300E4414D /* Services */ = {
			isa = PBXGroup;
			children = (
				1EEA74532CA3AD6800E4414D /* UserService.swift */,
				1EEA74572CA3AEAD00E4414D /* ImageUploader.swift */,
				1E57925F2CA5DA9E00BBB47E /* TenantService.swift */,
				1E5792612CA5DAAD00BBB47E /* ImageGalleryService.swift */,
			);
			path = Services;
			sourceTree = "<group>";
		};
/* End PBXGroup section */

/* Begin PBXNativeTarget section */
		1E1DA7622CA3A260009184B5 /* MultiTenant */ = {
			isa = PBXNativeTarget;
			buildConfigurationList = 1E1DA7722CA3A262009184B5 /* Build configuration list for PBXNativeTarget "MultiTenant" */;
			buildPhases = (
				1E1DA75F2CA3A260009184B5 /* Sources */,
				1E1DA7602CA3A260009184B5 /* Frameworks */,
				1E1DA7612CA3A260009184B5 /* Resources */,
			);
			buildRules = (
			);
			dependencies = (
			);
			name = MultiTenant;
			packageProductDependencies = (
				1E1DA78A2CA3A8FF009184B5 /* FirebaseAnalytics */,
				1E1DA78C2CA3A8FF009184B5 /* FirebaseAnalyticsOnDeviceConversion */,
				1E1DA78E2CA3A8FF009184B5 /* FirebaseAnalyticsSwift */,
				1E1DA7902CA3A8FF009184B5 /* FirebaseAnalyticsWithoutAdIdSupport */,
				1E1DA7922CA3A8FF009184B5 /* FirebaseAppCheck */,
				1EEA744B2CA3AC6000E4414D /* FirebaseAuth */,
				1EEA744D2CA3AC8100E4414D /* FirebaseFirestore */,
				1EEA744F2CA3ACA400E4414D /* FirebaseStorage */,
				1E57926A2CA604E900BBB47E /* Kingfisher */,
			);
			productName = MultiTenant;
			productReference = 1E1DA7632CA3A260009184B5 /* MultiTenant.app */;
			productType = "com.apple.product-type.application";
		};
/* End PBXNativeTarget section */

/* Begin PBXProject section */
		1E1DA75B2CA3A260009184B5 /* Project object */ = {
			isa = PBXProject;
			attributes = {
				BuildIndependentTargetsInParallel = 1;
				LastSwiftUpdateCheck = 1500;
				LastUpgradeCheck = 1500;
				TargetAttributes = {
					1E1DA7622CA3A260009184B5 = {
						CreatedOnToolsVersion = 15.0;
					};
				};
			};
			buildConfigurationList = 1E1DA75E2CA3A260009184B5 /* Build configuration list for PBXProject "MultiTenant" */;
			compatibilityVersion = "Xcode 14.0";
			developmentRegion = en;
			hasScannedForEncodings = 0;
			knownRegions = (
				en,
				Base,
			);
			mainGroup = 1E1DA75A2CA3A260009184B5;
			packageReferences = (
				1E1DA7892CA3A8FF009184B5 /* XCRemoteSwiftPackageReference "firebase-ios-sdk" */,
				1E5792692CA604E900BBB47E /* XCRemoteSwiftPackageReference "Kingfisher" */,
			);
			productRefGroup = 1E1DA7642CA3A260009184B5 /* Products */;
			projectDirPath = "";
			projectRoot = "";
			targets = (
				1E1DA7622CA3A260009184B5 /* MultiTenant */,
			);
		};
/* End PBXProject section */

/* Begin PBXResourcesBuildPhase section */
		1E1DA7612CA3A260009184B5 /* Resources */ = {
			isa = PBXResourcesBuildPhase;
			buildActionMask = 2147483647;
			files = (
				1E1DA76F2CA3A262009184B5 /* Preview Assets.xcassets in Resources */,
				1E1DA76B2CA3A262009184B5 /* Assets.xcassets in Resources */,
				1EEA745A2CA3B56900E4414D /* GoogleService-Info.plist in Resources */,
			);
			runOnlyForDeploymentPostprocessing = 0;
		};
/* End PBXResourcesBuildPhase section */

/* Begin PBXSourcesBuildPhase section */
		1E1DA75F2CA3A260009184B5 /* Sources */ = {
			isa = PBXSourcesBuildPhase;
			buildActionMask = 2147483647;
			files = (
				1EB3F2102CA461CC00BDDE20 /* ToastModifier.swift in Sources */,
				1ED82FAC2CA4866700C628AC /* Constants.swift in Sources */,
				1EB3F2062CA4600700BDDE20 /* NetworkMonitor.swift in Sources */,
				1EB3F2122CA461F900BDDE20 /* LoaderView.swift in Sources */,
				1EEA74542CA3AD6800E4414D /* UserService.swift in Sources */,
				1E57925A2CA5D08700BBB47E /* Tenant.swift in Sources */,
				1EB3F20B2CA4616000BDDE20 /* OfflineView.swift in Sources */,
				1E5792682CA5FAF000BBB47E /* ImageLoaderView.swift in Sources */,
				1E1DA7802CA3A32F009184B5 /* AuthViewModel.swift in Sources */,
				1EB3F2152CA463B400BDDE20 /* View+Extensions.swift in Sources */,
				1ED82FA72CA4707F00C628AC /* LoginViewFormValidator.swift in Sources */,
				1EEA745C2CA3BFA200E4414D /* ProfileView.swift in Sources */,
				1E1DA77E2CA3A318009184B5 /* SignupView.swift in Sources */,
				1E1DA77C2CA3A305009184B5 /* LoginView.swift in Sources */,
				1E57925C2CA5D21C00BBB47E /* GalleryImage.swift in Sources */,
				1EB3F20E2CA461BB00BDDE20 /* ToastView.swift in Sources */,
				1E5792722CA6129A00BBB47E /* DeleteAccountView.swift in Sources */,
				1E57925E2CA5D98C00BBB47E /* EditProfileView.swift in Sources */,
				1EB95CB02CA4982F00EE24A2 /* WelcomeView.swift in Sources */,
				1E5792652CA5F80400BBB47E /* ImagePicker.swift in Sources */,
				1E5792602CA5DA9E00BBB47E /* TenantService.swift in Sources */,
				1E5792622CA5DAAD00BBB47E /* ImageGalleryService.swift in Sources */,
				1EEA74562CA3AD8E00E4414D /* User.swift in Sources */,
				1E075D1A2CA661DE005D30F5 /* GalleryView.swift in Sources */,
				1ED82FA92CA470A500C628AC /* SignupViewFormValidator.swift in Sources */,
				1E57926D2CA60A8A00BBB47E /* Date+Extensions.swift in Sources */,
				1EEA74582CA3AEAD00E4414D /* ImageUploader.swift in Sources */,
				1EB95CB22CA4A3D200EE24A2 /* FABMenuView.swift in Sources */,
				1E1DA7692CA3A260009184B5 /* ContentView.swift in Sources */,
				1EB95CAE2CA497EA00EE24A2 /* DashboardView.swift in Sources */,
				1E1DA7882CA3A3F0009184B5 /* MTTextField.swift in Sources */,
				1E1DA7672CA3A260009184B5 /* MultiTenantApp.swift in Sources */,
			);
			runOnlyForDeploymentPostprocessing = 0;
		};
/* End PBXSourcesBuildPhase section */

/* Begin XCBuildConfiguration section */
		1E1DA7702CA3A262009184B5 /* Debug */ = {
			isa = XCBuildConfiguration;
			buildSettings = {
				ALWAYS_SEARCH_USER_PATHS = NO;
				ASSETCATALOG_COMPILER_GENERATE_SWIFT_ASSET_SYMBOL_EXTENSIONS = YES;
				CLANG_ANALYZER_NONNULL = YES;
				CLANG_ANALYZER_NUMBER_OBJECT_CONVERSION = YES_AGGRESSIVE;
				CLANG_CXX_LANGUAGE_STANDARD = "gnu++20";
				CLANG_ENABLE_MODULES = YES;
				CLANG_ENABLE_OBJC_ARC = YES;
				CLANG_ENABLE_OBJC_WEAK = YES;
				CLANG_WARN_BLOCK_CAPTURE_AUTORELEASING = YES;
				CLANG_WARN_BOOL_CONVERSION = YES;
				CLANG_WARN_COMMA = YES;
				CLANG_WARN_CONSTANT_CONVERSION = YES;
				CLANG_WARN_DEPRECATED_OBJC_IMPLEMENTATIONS = YES;
				CLANG_WARN_DIRECT_OBJC_ISA_USAGE = YES_ERROR;
				CLANG_WARN_DOCUMENTATION_COMMENTS = YES;
				CLANG_WARN_EMPTY_BODY = YES;
				CLANG_WARN_ENUM_CONVERSION = YES;
				CLANG_WARN_INFINITE_RECURSION = YES;
				CLANG_WARN_INT_CONVERSION = YES;
				CLANG_WARN_NON_LITERAL_NULL_CONVERSION = YES;
				CLANG_WARN_OBJC_IMPLICIT_RETAIN_SELF = YES;
				CLANG_WARN_OBJC_LITERAL_CONVERSION = YES;
				CLANG_WARN_OBJC_ROOT_CLASS = YES_ERROR;
				CLANG_WARN_QUOTED_INCLUDE_IN_FRAMEWORK_HEADER = YES;
				CLANG_WARN_RANGE_LOOP_ANALYSIS = YES;
				CLANG_WARN_STRICT_PROTOTYPES = YES;
				CLANG_WARN_SUSPICIOUS_MOVE = YES;
				CLANG_WARN_UNGUARDED_AVAILABILITY = YES_AGGRESSIVE;
				CLANG_WARN_UNREACHABLE_CODE = YES;
				CLANG_WARN__DUPLICATE_METHOD_MATCH = YES;
				COPY_PHASE_STRIP = NO;
				DEBUG_INFORMATION_FORMAT = dwarf;
				ENABLE_STRICT_OBJC_MSGSEND = YES;
				ENABLE_TESTABILITY = YES;
				ENABLE_USER_SCRIPT_SANDBOXING = YES;
				GCC_C_LANGUAGE_STANDARD = gnu17;
				GCC_DYNAMIC_NO_PIC = NO;
				GCC_NO_COMMON_BLOCKS = YES;
				GCC_OPTIMIZATION_LEVEL = 0;
				GCC_PREPROCESSOR_DEFINITIONS = (
					"DEBUG=1",
					"$(inherited)",
				);
				GCC_WARN_64_TO_32_BIT_CONVERSION = YES;
				GCC_WARN_ABOUT_RETURN_TYPE = YES_ERROR;
				GCC_WARN_UNDECLARED_SELECTOR = YES;
				GCC_WARN_UNINITIALIZED_AUTOS = YES_AGGRESSIVE;
				GCC_WARN_UNUSED_FUNCTION = YES;
				GCC_WARN_UNUSED_VARIABLE = YES;
				LOCALIZATION_PREFERS_STRING_CATALOGS = YES;
				MTL_ENABLE_DEBUG_INFO = INCLUDE_SOURCE;
				MTL_FAST_MATH = YES;
				ONLY_ACTIVE_ARCH = YES;
				OTHER_LDFLAGS = "-ObjC";
				SWIFT_ACTIVE_COMPILATION_CONDITIONS = "DEBUG $(inherited)";
				SWIFT_OPTIMIZATION_LEVEL = "-Onone";
				SWIFT_VERSION = 5.0;
			};
			name = Debug;
		};
		1E1DA7712CA3A262009184B5 /* Release */ = {
			isa = XCBuildConfiguration;
			buildSettings = {
				ALWAYS_SEARCH_USER_PATHS = NO;
				ASSETCATALOG_COMPILER_GENERATE_SWIFT_ASSET_SYMBOL_EXTENSIONS = YES;
				CLANG_ANALYZER_NONNULL = YES;
				CLANG_ANALYZER_NUMBER_OBJECT_CONVERSION = YES_AGGRESSIVE;
				CLANG_CXX_LANGUAGE_STANDARD = "gnu++20";
				CLANG_ENABLE_MODULES = YES;
				CLANG_ENABLE_OBJC_ARC = YES;
				CLANG_ENABLE_OBJC_WEAK = YES;
				CLANG_WARN_BLOCK_CAPTURE_AUTORELEASING = YES;
				CLANG_WARN_BOOL_CONVERSION = YES;
				CLANG_WARN_COMMA = YES;
				CLANG_WARN_CONSTANT_CONVERSION = YES;
				CLANG_WARN_DEPRECATED_OBJC_IMPLEMENTATIONS = YES;
				CLANG_WARN_DIRECT_OBJC_ISA_USAGE = YES_ERROR;
				CLANG_WARN_DOCUMENTATION_COMMENTS = YES;
				CLANG_WARN_EMPTY_BODY = YES;
				CLANG_WARN_ENUM_CONVERSION = YES;
				CLANG_WARN_INFINITE_RECURSION = YES;
				CLANG_WARN_INT_CONVERSION = YES;
				CLANG_WARN_NON_LITERAL_NULL_CONVERSION = YES;
				CLANG_WARN_OBJC_IMPLICIT_RETAIN_SELF = YES;
				CLANG_WARN_OBJC_LITERAL_CONVERSION = YES;
				CLANG_WARN_OBJC_ROOT_CLASS = YES_ERROR;
				CLANG_WARN_QUOTED_INCLUDE_IN_FRAMEWORK_HEADER = YES;
				CLANG_WARN_RANGE_LOOP_ANALYSIS = YES;
				CLANG_WARN_STRICT_PROTOTYPES = YES;
				CLANG_WARN_SUSPICIOUS_MOVE = YES;
				CLANG_WARN_UNGUARDED_AVAILABILITY = YES_AGGRESSIVE;
				CLANG_WARN_UNREACHABLE_CODE = YES;
				CLANG_WARN__DUPLICATE_METHOD_MATCH = YES;
				COPY_PHASE_STRIP = NO;
				DEBUG_INFORMATION_FORMAT = "dwarf-with-dsym";
				ENABLE_NS_ASSERTIONS = NO;
				ENABLE_STRICT_OBJC_MSGSEND = YES;
				ENABLE_USER_SCRIPT_SANDBOXING = YES;
				GCC_C_LANGUAGE_STANDARD = gnu17;
				GCC_NO_COMMON_BLOCKS = YES;
				GCC_WARN_64_TO_32_BIT_CONVERSION = YES;
				GCC_WARN_ABOUT_RETURN_TYPE = YES_ERROR;
				GCC_WARN_UNDECLARED_SELECTOR = YES;
				GCC_WARN_UNINITIALIZED_AUTOS = YES_AGGRESSIVE;
				GCC_WARN_UNUSED_FUNCTION = YES;
				GCC_WARN_UNUSED_VARIABLE = YES;
				LOCALIZATION_PREFERS_STRING_CATALOGS = YES;
				MTL_ENABLE_DEBUG_INFO = NO;
				MTL_FAST_MATH = YES;
				OTHER_LDFLAGS = "-ObjC";
				SWIFT_COMPILATION_MODE = wholemodule;
				SWIFT_VERSION = 5.0;
			};
			name = Release;
		};
		1E1DA7732CA3A262009184B5 /* Debug */ = {
			isa = XCBuildConfiguration;
			buildSettings = {
				ASSETCATALOG_COMPILER_APPICON_NAME = AppIcon;
				ASSETCATALOG_COMPILER_GLOBAL_ACCENT_COLOR_NAME = AccentColor;
				CODE_SIGN_ENTITLEMENTS = MultiTenant/MultiTenant.entitlements;
				CODE_SIGN_STYLE = Automatic;
				CURRENT_PROJECT_VERSION = 1;
				DEVELOPMENT_ASSET_PATHS = "\"MultiTenant/Preview Content\"";
				DEVELOPMENT_TEAM = P36U278DA2;
				ENABLE_HARDENED_RUNTIME = YES;
				ENABLE_PREVIEWS = YES;
				GENERATE_INFOPLIST_FILE = YES;
				INFOPLIST_KEY_NSPhotoLibraryUsageDescription = "We need access to your photo library to update your profile picture.";
				"INFOPLIST_KEY_UIApplicationSceneManifest_Generation[sdk=iphoneos*]" = YES;
				"INFOPLIST_KEY_UIApplicationSceneManifest_Generation[sdk=iphonesimulator*]" = YES;
				"INFOPLIST_KEY_UIApplicationSupportsIndirectInputEvents[sdk=iphoneos*]" = YES;
				"INFOPLIST_KEY_UIApplicationSupportsIndirectInputEvents[sdk=iphonesimulator*]" = YES;
				"INFOPLIST_KEY_UILaunchScreen_Generation[sdk=iphoneos*]" = YES;
				"INFOPLIST_KEY_UILaunchScreen_Generation[sdk=iphonesimulator*]" = YES;
				"INFOPLIST_KEY_UIStatusBarStyle[sdk=iphoneos*]" = UIStatusBarStyleDefault;
				"INFOPLIST_KEY_UIStatusBarStyle[sdk=iphonesimulator*]" = UIStatusBarStyleDefault;
				INFOPLIST_KEY_UISupportedInterfaceOrientations_iPad = "UIInterfaceOrientationPortrait UIInterfaceOrientationPortraitUpsideDown UIInterfaceOrientationLandscapeLeft UIInterfaceOrientationLandscapeRight";
				INFOPLIST_KEY_UISupportedInterfaceOrientations_iPhone = "UIInterfaceOrientationPortrait UIInterfaceOrientationLandscapeLeft UIInterfaceOrientationLandscapeRight";
				IPHONEOS_DEPLOYMENT_TARGET = 15.0;
				LD_RUNPATH_SEARCH_PATHS = "@executable_path/Frameworks";
				"LD_RUNPATH_SEARCH_PATHS[sdk=macosx*]" = "@executable_path/../Frameworks";
				MACOSX_DEPLOYMENT_TARGET = 12.0;
				MARKETING_VERSION = 1.0;
				OTHER_LDFLAGS = "-ObjC";
				PRODUCT_BUNDLE_IDENTIFIER = com.app.multitenant;
				PRODUCT_NAME = "$(TARGET_NAME)";
				SDKROOT = auto;
				SUPPORTED_PLATFORMS = "iphoneos iphonesimulator macosx";
				SWIFT_EMIT_LOC_STRINGS = YES;
				SWIFT_VERSION = 5.0;
				TARGETED_DEVICE_FAMILY = "1,2";
			};
			name = Debug;
		};
		1E1DA7742CA3A262009184B5 /* Release */ = {
			isa = XCBuildConfiguration;
			buildSettings = {
				ASSETCATALOG_COMPILER_APPICON_NAME = AppIcon;
				ASSETCATALOG_COMPILER_GLOBAL_ACCENT_COLOR_NAME = AccentColor;
				CODE_SIGN_ENTITLEMENTS = MultiTenant/MultiTenant.entitlements;
				CODE_SIGN_STYLE = Automatic;
				CURRENT_PROJECT_VERSION = 1;
				DEVELOPMENT_ASSET_PATHS = "\"MultiTenant/Preview Content\"";
				DEVELOPMENT_TEAM = P36U278DA2;
				ENABLE_HARDENED_RUNTIME = YES;
				ENABLE_PREVIEWS = YES;
				GENERATE_INFOPLIST_FILE = YES;
				INFOPLIST_KEY_NSPhotoLibraryUsageDescription = "We need access to your photo library to update your profile picture.";
				"INFOPLIST_KEY_UIApplicationSceneManifest_Generation[sdk=iphoneos*]" = YES;
				"INFOPLIST_KEY_UIApplicationSceneManifest_Generation[sdk=iphonesimulator*]" = YES;
				"INFOPLIST_KEY_UIApplicationSupportsIndirectInputEvents[sdk=iphoneos*]" = YES;
				"INFOPLIST_KEY_UIApplicationSupportsIndirectInputEvents[sdk=iphonesimulator*]" = YES;
				"INFOPLIST_KEY_UILaunchScreen_Generation[sdk=iphoneos*]" = YES;
				"INFOPLIST_KEY_UILaunchScreen_Generation[sdk=iphonesimulator*]" = YES;
				"INFOPLIST_KEY_UIStatusBarStyle[sdk=iphoneos*]" = UIStatusBarStyleDefault;
				"INFOPLIST_KEY_UIStatusBarStyle[sdk=iphonesimulator*]" = UIStatusBarStyleDefault;
				INFOPLIST_KEY_UISupportedInterfaceOrientations_iPad = "UIInterfaceOrientationPortrait UIInterfaceOrientationPortraitUpsideDown UIInterfaceOrientationLandscapeLeft UIInterfaceOrientationLandscapeRight";
				INFOPLIST_KEY_UISupportedInterfaceOrientations_iPhone = "UIInterfaceOrientationPortrait UIInterfaceOrientationLandscapeLeft UIInterfaceOrientationLandscapeRight";
				IPHONEOS_DEPLOYMENT_TARGET = 15.0;
				LD_RUNPATH_SEARCH_PATHS = "@executable_path/Frameworks";
				"LD_RUNPATH_SEARCH_PATHS[sdk=macosx*]" = "@executable_path/../Frameworks";
				MACOSX_DEPLOYMENT_TARGET = 12.0;
				MARKETING_VERSION = 1.0;
				OTHER_LDFLAGS = "-ObjC";
				PRODUCT_BUNDLE_IDENTIFIER = com.app.multitenant;
				PRODUCT_NAME = "$(TARGET_NAME)";
				SDKROOT = auto;
				SUPPORTED_PLATFORMS = "iphoneos iphonesimulator macosx";
				SWIFT_EMIT_LOC_STRINGS = YES;
				SWIFT_VERSION = 5.0;
				TARGETED_DEVICE_FAMILY = "1,2";
			};
			name = Release;
		};
/* End XCBuildConfiguration section */

/* Begin XCConfigurationList section */
		1E1DA75E2CA3A260009184B5 /* Build configuration list for PBXProject "MultiTenant" */ = {
			isa = XCConfigurationList;
			buildConfigurations = (
				1E1DA7702CA3A262009184B5 /* Debug */,
				1E1DA7712CA3A262009184B5 /* Release */,
			);
			defaultConfigurationIsVisible = 0;
			defaultConfigurationName = Release;
		};
		1E1DA7722CA3A262009184B5 /* Build configuration list for PBXNativeTarget "MultiTenant" */ = {
			isa = XCConfigurationList;
			buildConfigurations = (
				1E1DA7732CA3A262009184B5 /* Debug */,
				1E1DA7742CA3A262009184B5 /* Release */,
			);
			defaultConfigurationIsVisible = 0;
			defaultConfigurationName = Release;
		};
/* End XCConfigurationList section */

/* Begin XCRemoteSwiftPackageReference section */
		1E1DA7892CA3A8FF009184B5 /* XCRemoteSwiftPackageReference "firebase-ios-sdk" */ = {
			isa = XCRemoteSwiftPackageReference;
			repositoryURL = "https://github.com/firebase/firebase-ios-sdk.git";
			requirement = {
				kind = upToNextMajorVersion;
				minimumVersion = 10.0.0;
			};
		};
		1E5792692CA604E900BBB47E /* XCRemoteSwiftPackageReference "Kingfisher" */ = {
			isa = XCRemoteSwiftPackageReference;
			repositoryURL = "https://github.com/onevcat/Kingfisher.git";
			requirement = {
				kind = upToNextMajorVersion;
				minimumVersion = 7.0.0;
			};
		};
/* End XCRemoteSwiftPackageReference section */

/* Begin XCSwiftPackageProductDependency section */
		1E1DA78A2CA3A8FF009184B5 /* FirebaseAnalytics */ = {
			isa = XCSwiftPackageProductDependency;
			package = 1E1DA7892CA3A8FF009184B5 /* XCRemoteSwiftPackageReference "firebase-ios-sdk" */;
			productName = FirebaseAnalytics;
		};
		1E1DA78C2CA3A8FF009184B5 /* FirebaseAnalyticsOnDeviceConversion */ = {
			isa = XCSwiftPackageProductDependency;
			package = 1E1DA7892CA3A8FF009184B5 /* XCRemoteSwiftPackageReference "firebase-ios-sdk" */;
			productName = FirebaseAnalyticsOnDeviceConversion;
		};
		1E1DA78E2CA3A8FF009184B5 /* FirebaseAnalyticsSwift */ = {
			isa = XCSwiftPackageProductDependency;
			package = 1E1DA7892CA3A8FF009184B5 /* XCRemoteSwiftPackageReference "firebase-ios-sdk" */;
			productName = FirebaseAnalyticsSwift;
		};
		1E1DA7902CA3A8FF009184B5 /* FirebaseAnalyticsWithoutAdIdSupport */ = {
			isa = XCSwiftPackageProductDependency;
			package = 1E1DA7892CA3A8FF009184B5 /* XCRemoteSwiftPackageReference "firebase-ios-sdk" */;
			productName = FirebaseAnalyticsWithoutAdIdSupport;
		};
		1E1DA7922CA3A8FF009184B5 /* FirebaseAppCheck */ = {
			isa = XCSwiftPackageProductDependency;
			package = 1E1DA7892CA3A8FF009184B5 /* XCRemoteSwiftPackageReference "firebase-ios-sdk" */;
			productName = FirebaseAppCheck;
		};
		1E57926A2CA604E900BBB47E /* Kingfisher */ = {
			isa = XCSwiftPackageProductDependency;
			package = 1E5792692CA604E900BBB47E /* XCRemoteSwiftPackageReference "Kingfisher" */;
			productName = Kingfisher;
		};
		1EEA744B2CA3AC6000E4414D /* FirebaseAuth */ = {
			isa = XCSwiftPackageProductDependency;
			package = 1E1DA7892CA3A8FF009184B5 /* XCRemoteSwiftPackageReference "firebase-ios-sdk" */;
			productName = FirebaseAuth;
		};
		1EEA744D2CA3AC8100E4414D /* FirebaseFirestore */ = {
			isa = XCSwiftPackageProductDependency;
			package = 1E1DA7892CA3A8FF009184B5 /* XCRemoteSwiftPackageReference "firebase-ios-sdk" */;
			productName = FirebaseFirestore;
		};
		1EEA744F2CA3ACA400E4414D /* FirebaseStorage */ = {
			isa = XCSwiftPackageProductDependency;
			package = 1E1DA7892CA3A8FF009184B5 /* XCRemoteSwiftPackageReference "firebase-ios-sdk" */;
			productName = FirebaseStorage;
		};
/* End XCSwiftPackageProductDependency section */
	};
	rootObject = 1E1DA75B2CA3A260009184B5 /* Project object */;
}
